
Microsoft Visual Studio Solution File, Format Version 12.00
# Visual Studio Version 17
VisualStudioVersion = 17.0.31912.275
MinimumVisualStudioVersion = 10.0.40219.1
Project("{FAE04EC0-301F-11D3-BF4B-00C04F79EFBC}") = "FileUpload", "FileUpload\FileUpload.csproj", "{9591AD8A-4BEF-4188-8DFE-4A2B91DA11E3}"
EndProject
Global
	GlobalSection(SolutionConfigurationPlatforms) = preSolution
		Debug|Any CPU = Debug|Any CPU
		Release|Any CPU = Release|Any CPU
	EndGlobalSection
	GlobalSection(ProjectConfigurationPlatforms) = postSolution
		{9591AD8A-4BEF-4188-8DFE-4A2B91DA11E3}.Debug|Any CPU.ActiveCfg = Debug|Any CPU
		{9591AD8A-4BEF-4188-8DFE-4A2B91DA11E3}.Debug|Any CPU.Build.0 = Debug|Any CPU
		{9591AD8A-4BEF-4188-8DFE-4A2B91DA11E3}.Release|Any CPU.ActiveCfg = Release|Any CPU
		{9591AD8A-4BEF-4188-8DFE-4A2B91DA11E3}.Release|Any CPU.Build.0 = Release|Any CPU
	EndGlobalSection
	GlobalSection(SolutionProperties) = preSolution
		HideSolutionNode = FALSE
	EndGlobalSection
	GlobalSection(ExtensibilityGlobals) = postSolution
		SolutionGuid = {D5F9CC27-50FB-4D40-B98B-DBBEB6D1FF3D}
	EndGlobalSection
EndGlobal
